github.com/Jorik-VanLooy/project-hive-box/handlers v0.0.2-0.20241118213443-003f6cfda933 h1:+xFVXqwnaRZCNxsIlAc/seQnssf8X6I+LPFolTFPp1s=
github.com/Jorik-VanLooy/project-hive-box/handlers v0.0.2-0.20241118213443-003f6cfda933/go.mod h1:+Iv709OXzPkLLItrs8aTylzVeCNVT42VGChRzgLzvcE=
github.com/Jorik-VanLooy/project-hive-box/handlers v0.0.2-0.20241118222456-6e4c42bda973 h1:o/Ep8Apj34iHFPJjLHZoB4WrJG0fYJIjtykb/ANgN4Y=
github.com/Jorik-VanLooy/project-hive-box/handlers v0.0.2-0.20241118222456-6e4c42bda973/go.mod h1:+Iv709OXzPkLLItrs8aTylzVeCNVT42VGChRzgLzvcE=
